
Microsoft Visual Studio Solution File, Format Version 12.00
# Visual Studio Version 17
VisualStudioVersion = 17.13.35828.75 d17.13
MinimumVisualStudioVersion = 10.0.40219.1
Project("{8BC9CEB8-8B4A-11D0-8D11-00A0C91BC942}") = "OpenClipAudio", "OpenClipAudio\OpenClipAudio.vcxproj", "{47A4CFD3-7CD0-4A9F-B932-EAF8F9F791AC}"
EndProject
Global
	GlobalSection(SolutionConfigurationPlatforms) = preSolution
		Debug|x64 = Debug|x64
		Debug|x86 = Debug|x86
		Release|x64 = Release|x64
		Release|x86 = Release|x86
	EndGlobalSection
	GlobalSection(ProjectConfigurationPlatforms) = postSolution
		{47A4CFD3-7CD0-4A9F-B932-EAF8F9F791AC}.Debug|x64.ActiveCfg = Debug|x64
		{47A4CFD3-7CD0-4A9F-B932-EAF8F9F791AC}.Debug|x64.Build.0 = Debug|x64
		{47A4CFD3-7CD0-4A9F-B932-EAF8F9F791AC}.Debug|x86.ActiveCfg = Debug|Win32
		{47A4CFD3-7CD0-4A9F-B932-EAF8F9F791AC}.Debug|x86.Build.0 = Debug|Win32
		{47A4CFD3-7CD0-4A9F-B932-EAF8F9F791AC}.Release|x64.ActiveCfg = Release|x64
		{47A4CFD3-7CD0-4A9F-B932-EAF8F9F791AC}.Release|x64.Build.0 = Release|x64
		{47A4CFD3-7CD0-4A9F-B932-EAF8F9F791AC}.Release|x86.ActiveCfg = Release|Win32
		{47A4CFD3-7CD0-4A9F-B932-EAF8F9F791AC}.Release|x86.Build.0 = Release|Win32
	EndGlobalSection
	GlobalSection(SolutionProperties) = preSolution
		HideSolutionNode = FALSE
	EndGlobalSection
	GlobalSection(ExtensibilityGlobals) = postSolution
		SolutionGuid = {7ADF9715-C5C6-42E8-B7C3-BAC5D675AE18}
	EndGlobalSection
EndGlobal
